// !$*UTF8*$!
{
	archiveVersion = 1;
	classes = {
	};
	objectVersion = 56;
	objects = {

/* Begin PBXBuildFile section */
		362C47A928EA922000C85E1E /* AppDelegate.swift in Sources */ = {isa = PBXBuildFile; fileRef = 362C47A828EA922000C85E1E /* AppDelegate.swift */; };
		362C47AB28EA922000C85E1E /* SceneDelegate.swift in Sources */ = {isa = PBXBuildFile; fileRef = 362C47AA28EA922000C85E1E /* SceneDelegate.swift */; };
		362C47AD28EA922000C85E1E /* ViewController.swift in Sources */ = {isa = PBXBuildFile; fileRef = 362C47AC28EA922000C85E1E /* ViewController.swift */; };
		362C47B028EA922000C85E1E /* Main.storyboard in Resources */ = {isa = PBXBuildFile; fileRef = 362C47AE28EA922000C85E1E /* Main.storyboard */; };
		362C47B228EA922100C85E1E /* Assets.xcassets in Resources */ = {isa = PBXBuildFile; fileRef = 362C47B128EA922100C85E1E /* Assets.xcassets */; };
		362C47B528EA922100C85E1E /* LaunchScreen.storyboard in Resources */ = {isa = PBXBuildFile; fileRef = 362C47B328EA922100C85E1E /* LaunchScreen.storyboard */; };
		362C47C028EA922100C85E1E /* sampleTests.swift in Sources */ = {isa = PBXBuildFile; fileRef = 362C47BF28EA922100C85E1E /* sampleTests.swift */; };
		362C47CA28EA922100C85E1E /* sampleUITests.swift in Sources */ = {isa = PBXBuildFile; fileRef = 362C47C928EA922100C85E1E /* sampleUITests.swift */; };
		362C47CC28EA922100C85E1E /* sampleUITestsLaunchTests.swift in Sources */ = {isa = PBXBuildFile; fileRef = 362C47CB28EA922100C85E1E /* sampleUITestsLaunchTests.swift */; };
		362C47DE28EAB07100C85E1E /* CustomCell.swift in Sources */ = {isa = PBXBuildFile; fileRef = 362C47DC28EAB07100C85E1E /* CustomCell.swift */; };
		362C47DF28EAB07100C85E1E /* CustomCell.xib in Resources */ = {isa = PBXBuildFile; fileRef = 362C47DD28EAB07100C85E1E /* CustomCell.xib */; };
		3694271028ED0C7400902B2C /* detailViewController.swift in Sources */ = {isa = PBXBuildFile; fileRef = 3694270F28ED0C7400902B2C /* detailViewController.swift */; };
		42CC23ACA21C7CDBAC38490F /* Pods_sample.framework in Frameworks */ = {isa = PBXBuildFile; fileRef = 68850B98F03FC3FA54F721F3 /* Pods_sample.framework */; };
		B3B86FA94139DB743F9C4782 /* Pods_sampleTests.framework in Frameworks */ = {isa = PBXBuildFile; fileRef = E5F0B4A5841C0DCFA4E24747 /* Pods_sampleTests.framework */; };
		F49ECBD6BB9A972DACCE1DBC /* Pods_sample_sampleUITests.framework in Frameworks */ = {isa = PBXBuildFile; fileRef = B3A59DA85AAC856345B222B4 /* Pods_sample_sampleUITests.framework */; };
/* End PBXBuildFile section */

/* Begin PBXContainerItemProxy section */
		362C47BC28EA922100C85E1E /* PBXContainerItemProxy */ = {
			isa = PBXContainerItemProxy;
			containerPortal = 362C479D28EA922000C85E1E /* Project object */;
			proxyType = 1;
			remoteGlobalIDString = 362C47A428EA922000C85E1E;
			remoteInfo = sample;
		};
		362C47C628EA922100C85E1E /* PBXContainerItemProxy */ = {
			isa = PBXContainerItemProxy;
			containerPortal = 362C479D28EA922000C85E1E /* Project object */;
			proxyType = 1;
			remoteGlobalIDString = 362C47A428EA922000C85E1E;
			remoteInfo = sample;
		};
/* End PBXContainerItemProxy section */

/* Begin PBXFileReference section */
		1FFBFB977638CAB2EAD27D8F /* Pods-sample.release.xcconfig */ = {isa = PBXFileReference; includeInIndex = 1; lastKnownFileType = text.xcconfig; name = "Pods-sample.release.xcconfig"; path = "Target Support Files/Pods-sample/Pods-sample.release.xcconfig"; sourceTree = "<group>"; };
		362C47A528EA922000C85E1E /* sample.app */ = {isa = PBXFileReference; explicitFileType = wrapper.application; includeInIndex = 0; path = sample.app; sourceTree = BUILT_PRODUCTS_DIR; };
		362C47A828EA922000C85E1E /* AppDelegate.swift */ = {isa = PBXFileReference; lastKnownFileType = sourcecode.swift; path = AppDelegate.swift; sourceTree = "<group>"; };
		362C47AA28EA922000C85E1E /* SceneDelegate.swift */ = {isa = PBXFileReference; lastKnownFileType = sourcecode.swift; path = SceneDelegate.swift; sourceTree = "<group>"; };
		362C47AC28EA922000C85E1E /* ViewController.swift */ = {isa = PBXFileReference; lastKnownFileType = sourcecode.swift; path = ViewController.swift; sourceTree = "<group>"; };
		362C47AF28EA922000C85E1E /* Base */ = {isa = PBXFileReference; lastKnownFileType = file.storyboard; name = Base; path = Base.lproj/Main.storyboard; sourceTree = "<group>"; };
		362C47B128EA922100C85E1E /* Assets.xcassets */ = {isa = PBXFileReference; lastKnownFileType = folder.assetcatalog; path = Assets.xcassets; sourceTree = "<group>"; };
		362C47B428EA922100C85E1E /* Base */ = {isa = PBXFileReference; lastKnownFileType = file.storyboard; name = Base; path = Base.lproj/LaunchScreen.storyboard; sourceTree = "<group>"; };
		362C47B628EA922100C85E1E /* Info.plist */ = {isa = PBXFileReference; lastKnownFileType = text.plist.xml; path = Info.plist; sourceTree = "<group>"; };
		362C47BB28EA922100C85E1E /* sampleTests.xctest */ = {isa = PBXFileReference; explicitFileType = wrapper.cfbundle; includeInIndex = 0; path = sampleTests.xctest; sourceTree = BUILT_PRODUCTS_DIR; };
		362C47BF28EA922100C85E1E /* sampleTests.swift */ = {isa = PBXFileReference; lastKnownFileType = sourcecode.swift; path = sampleTests.swift; sourceTree = "<group>"; };
		362C47C528EA922100C85E1E /* sampleUITests.xctest */ = {isa = PBXFileReference; explicitFileType = wrapper.cfbundle; includeInIndex = 0; path = sampleUITests.xctest; sourceTree = BUILT_PRODUCTS_DIR; };
		362C47C928EA922100C85E1E /* sampleUITests.swift */ = {isa = PBXFileReference; lastKnownFileType = sourcecode.swift; path = sampleUITests.swift; sourceTree = "<group>"; };
		362C47CB28EA922100C85E1E /* sampleUITestsLaunchTests.swift */ = {isa = PBXFileReference; lastKnownFileType = sourcecode.swift; path = sampleUITestsLaunchTests.swift; sourceTree = "<group>"; };
		362C47DC28EAB07100C85E1E /* CustomCell.swift */ = {isa = PBXFileReference; lastKnownFileType = sourcecode.swift; path = CustomCell.swift; sourceTree = "<group>"; };
		362C47DD28EAB07100C85E1E /* CustomCell.xib */ = {isa = PBXFileReference; lastKnownFileType = file.xib; path = CustomCell.xib; sourceTree = "<group>"; };
		3632269EB6E846F230B9C6B8 /* Pods-sample-sampleUITests.debug.xcconfig */ = {isa = PBXFileReference; includeInIndex = 1; lastKnownFileType = text.xcconfig; name = "Pods-sample-sampleUITests.debug.xcconfig"; path = "Target Support Files/Pods-sample-sampleUITests/Pods-sample-sampleUITests.debug.xcconfig"; sourceTree = "<group>"; };
		3694270F28ED0C7400902B2C /* detailViewController.swift */ = {isa = PBXFileReference; lastKnownFileType = sourcecode.swift; path = detailViewController.swift; sourceTree = "<group>"; };
		50A55E2BC31D5B16CE4D2DA1 /* Pods-sample.debug.xcconfig */ = {isa = PBXFileReference; includeInIndex = 1; lastKnownFileType = text.xcconfig; name = "Pods-sample.debug.xcconfig"; path = "Target Support Files/Pods-sample/Pods-sample.debug.xcconfig"; sourceTree = "<group>"; };
		68850B98F03FC3FA54F721F3 /* Pods_sample.framework */ = {isa = PBXFileReference; explicitFileType = wrapper.framework; includeInIndex = 0; path = Pods_sample.framework; sourceTree = BUILT_PRODUCTS_DIR; };
		85E87EDF2CF197D9D606A140 /* Pods-sampleTests.release.xcconfig */ = {isa = PBXFileReference; includeInIndex = 1; lastKnownFileType = text.xcconfig; name = "Pods-sampleTests.release.xcconfig"; path = "Target Support Files/Pods-sampleTests/Pods-sampleTests.release.xcconfig"; sourceTree = "<group>"; };
		B3A59DA85AAC856345B222B4 /* Pods_sample_sampleUITests.framework */ = {isa = PBXFileReference; explicitFileType = wrapper.framework; includeInIndex = 0; path = Pods_sample_sampleUITests.framework; sourceTree = BUILT_PRODUCTS_DIR; };
		CDDF9825B942F76F2DDA3E4F /* Pods-sample-sampleUITests.release.xcconfig */ = {isa = PBXFileReference; includeInIndex = 1; lastKnownFileType = text.xcconfig; name = "Pods-sample-sampleUITests.release.xcconfig"; path = "Target Support Files/Pods-sample-sampleUITests/Pods-sample-sampleUITests.release.xcconfig"; sourceTree = "<group>"; };
		D15AFAC936D9879D392A19FE /* Pods-sampleTests.debug.xcconfig */ = {isa = PBXFileReference; includeInIndex = 1; lastKnownFileType = text.xcconfig; name = "Pods-sampleTests.debug.xcconfig"; path = "Target Support Files/Pods-sampleTests/Pods-sampleTests.debug.xcconfig"; sourceTree = "<group>"; };
		E5F0B4A5841C0DCFA4E24747 /* Pods_sampleTests.framework */ = {isa = PBXFileReference; explicitFileType = wrapper.framework; includeInIndex = 0; path = Pods_sampleTests.framework; sourceTree = BUILT_PRODUCTS_DIR; };
/* End PBXFileReference section */

/* Begin PBXFrameworksBuildPhase section */
		362C47A228EA922000C85E1E /* Frameworks */ = {
			isa = PBXFrameworksBuildPhase;
			buildActionMask = 2147483647;
			files = (
				42CC23ACA21C7CDBAC38490F /* Pods_sample.framework in Frameworks */,
			);
			runOnlyForDeploymentPostprocessing = 0;
		};
		362C47B828EA922100C85E1E /* Frameworks */ = {
			isa = PBXFrameworksBuildPhase;
			buildActionMask = 2147483647;
			files = (
				B3B86FA94139DB743F9C4782 /* Pods_sampleTests.framework in Frameworks */,
			);
			runOnlyForDeploymentPostprocessing = 0;
		};
		362C47C228EA922100C85E1E /* Frameworks */ = {
			isa = PBXFrameworksBuildPhase;
			buildActionMask = 2147483647;
			files = (
				F49ECBD6BB9A972DACCE1DBC /* Pods_sample_sampleUITests.framework in Frameworks */,
			);
			runOnlyForDeploymentPostprocessing = 0;
		};
/* End PBXFrameworksBuildPhase section */

/* Begin PBXGroup section */
		27DEFB29E2B71B079F5EE80D /* Frameworks */ = {
			isa = PBXGroup;
			children = (
				68850B98F03FC3FA54F721F3 /* Pods_sample.framework */,
				B3A59DA85AAC856345B222B4 /* Pods_sample_sampleUITests.framework */,
				E5F0B4A5841C0DCFA4E24747 /* Pods_sampleTests.framework */,
			);
			name = Frameworks;
			sourceTree = "<group>";
		};
		362C479C28EA922000C85E1E = {
			isa = PBXGroup;
			children = (
				362C47A728EA922000C85E1E /* sample */,
				362C47BE28EA922100C85E1E /* sampleTests */,
				362C47C828EA922100C85E1E /* sampleUITests */,
				362C47A628EA922000C85E1E /* Products */,
				850E8E2006CD05E85AFC067D /* Pods */,
				27DEFB29E2B71B079F5EE80D /* Frameworks */,
			);
			sourceTree = "<group>";
		};
		362C47A628EA922000C85E1E /* Products */ = {
			isa = PBXGroup;
			children = (
				362C47A528EA922000C85E1E /* sample.app */,
				362C47BB28EA922100C85E1E /* sampleTests.xctest */,
				362C47C528EA922100C85E1E /* sampleUITests.xctest */,
			);
			name = Products;
			sourceTree = "<group>";
		};
		362C47A728EA922000C85E1E /* sample */ = {
			isa = PBXGroup;
			children = (
				362C47A828EA922000C85E1E /* AppDelegate.swift */,
				362C47AA28EA922000C85E1E /* SceneDelegate.swift */,
				362C47AC28EA922000C85E1E /* ViewController.swift */,
				3694270F28ED0C7400902B2C /* detailViewController.swift */,
				362C47DD28EAB07100C85E1E /* CustomCell.xib */,
				362C47DC28EAB07100C85E1E /* CustomCell.swift */,
				362C47AE28EA922000C85E1E /* Main.storyboard */,
				362C47B128EA922100C85E1E /* Assets.xcassets */,
				362C47B328EA922100C85E1E /* LaunchScreen.storyboard */,
				362C47B628EA922100C85E1E /* Info.plist */,
			);
			path = sample;
			sourceTree = "<group>";
		};
		362C47BE28EA922100C85E1E /* sampleTests */ = {
			isa = PBXGroup;
			children = (
				362C47BF28EA922100C85E1E /* sampleTests.swift */,
			);
			path = sampleTests;
			sourceTree = "<group>";
		};
		362C47C828EA922100C85E1E /* sampleUITests */ = {
			isa = PBXGroup;
			children = (
				362C47C928EA922100C85E1E /* sampleUITests.swift */,
				362C47CB28EA922100C85E1E /* sampleUITestsLaunchTests.swift */,
			);
			path = sampleUITests;
			sourceTree = "<group>";
		};
		850E8E2006CD05E85AFC067D /* Pods */ = {
			isa = PBXGroup;
			children = (
				50A55E2BC31D5B16CE4D2DA1 /* Pods-sample.debug.xcconfig */,
				1FFBFB977638CAB2EAD27D8F /* Pods-sample.release.xcconfig */,
				3632269EB6E846F230B9C6B8 /* Pods-sample-sampleUITests.debug.xcconfig */,
				CDDF9825B942F76F2DDA3E4F /* Pods-sample-sampleUITests.release.xcconfig */,
				D15AFAC936D9879D392A19FE /* Pods-sampleTests.debug.xcconfig */,
				85E87EDF2CF197D9D606A140 /* Pods-sampleTests.release.xcconfig */,
			);
			path = Pods;
			sourceTree = "<group>";
		};
/* End PBXGroup section */

/* Begin PBXNativeTarget section */
		362C47A428EA922000C85E1E /* sample */ = {
			isa = PBXNativeTarget;
			buildConfigurationList = 362C47CF28EA922100C85E1E /* Build configuration list for PBXNativeTarget "sample" */;
			buildPhases = (
				6609D7213DDF96E9F5D35431 /* [CP] Check Pods Manifest.lock */,
				362C47A128EA922000C85E1E /* Sources */,
				362C47A228EA922000C85E1E /* Frameworks */,
				362C47A328EA922000C85E1E /* Resources */,
				76229579BF28241219B1AE92 /* [CP] Embed Pods Frameworks */,
			);
			buildRules = (
			);
			dependencies = (
			);
			name = sample;
			productName = sample;
			productReference = 362C47A528EA922000C85E1E /* sample.app */;
			productType = "com.apple.product-type.application";
		};
		362C47BA28EA922100C85E1E /* sampleTests */ = {
			isa = PBXNativeTarget;
			buildConfigurationList = 362C47D228EA922100C85E1E /* Build configuration list for PBXNativeTarget "sampleTests" */;
			buildPhases = (
				9E9DC4C32A9F1E0F0BE0532C /* [CP] Check Pods Manifest.lock */,
				362C47B728EA922100C85E1E /* Sources */,
				362C47B828EA922100C85E1E /* Frameworks */,
				362C47B928EA922100C85E1E /* Resources */,
			);
			buildRules = (
			);
			dependencies = (
				362C47BD28EA922100C85E1E /* PBXTargetDependency */,
			);
			name = sampleTests;
			productName = sampleTests;
			productReference = 362C47BB28EA922100C85E1E /* sampleTests.xctest */;
			productType = "com.apple.product-type.bundle.unit-test";
		};
		362C47C428EA922100C85E1E /* sampleUITests */ = {
			isa = PBXNativeTarget;
			buildConfigurationList = 362C47D528EA922100C85E1E /* Build configuration list for PBXNativeTarget "sampleUITests" */;
			buildPhases = (
				4D029AB47C879CA4A71DAA13 /* [CP] Check Pods Manifest.lock */,
				362C47C128EA922100C85E1E /* Sources */,
				362C47C228EA922100C85E1E /* Frameworks */,
				362C47C328EA922100C85E1E /* Resources */,
				C744B9BEF0D8CAEC75446224 /* [CP] Embed Pods Frameworks */,
			);
			buildRules = (
			);
			dependencies = (
				362C47C728EA922100C85E1E /* PBXTargetDependency */,
			);
			name = sampleUITests;
			productName = sampleUITests;
			productReference = 362C47C528EA922100C85E1E /* sampleUITests.xctest */;
			productType = "com.apple.product-type.bundle.ui-testing";
		};
/* End PBXNativeTarget section */

/* Begin PBXProject section */
		362C479D28EA922000C85E1E /* Project object */ = {
			isa = PBXProject;
			attributes = {
				BuildIndependentTargetsInParallel = 1;
				LastSwiftUpdateCheck = 1400;
				LastUpgradeCheck = 1400;
				TargetAttributes = {
					362C47A428EA922000C85E1E = {
						CreatedOnToolsVersion = 14.0.1;
					};
					362C47BA28EA922100C85E1E = {
						CreatedOnToolsVersion = 14.0.1;
						TestTargetID = 362C47A428EA922000C85E1E;
					};
					362C47C428EA922100C85E1E = {
						CreatedOnToolsVersion = 14.0.1;
						TestTargetID = 362C47A428EA922000C85E1E;
					};
				};
			};
			buildConfigurationList = 362C47A028EA922000C85E1E /* Build configuration list for PBXProject "sample" */;
			compatibilityVersion = "Xcode 14.0";
			developmentRegion = en;
			hasScannedForEncodings = 0;
			knownRegions = (
				en,
				Base,
			);
			mainGroup = 362C479C28EA922000C85E1E;
			productRefGroup = 362C47A628EA922000C85E1E /* Products */;
			projectDirPath = "";
			projectRoot = "";
			targets = (
				362C47A428EA922000C85E1E /* sample */,
				362C47BA28EA922100C85E1E /* sampleTests */,
				362C47C428EA922100C85E1E /* sampleUITests */,
			);
		};
/* End PBXProject section */

/* Begin PBXResourcesBuildPhase section */
		362C47A328EA922000C85E1E /* Resources */ = {
			isa = PBXResourcesBuildPhase;
			buildActionMask = 2147483647;
			files = (
				362C47B528EA922100C85E1E /* LaunchScreen.storyboard in Resources */,
				362C47B228EA922100C85E1E /* Assets.xcassets in Resources */,
				362C47DF28EAB07100C85E1E /* CustomCell.xib in Resources */,
				362C47B028EA922000C85E1E /* Main.storyboard in Resources */,
			);
			runOnlyForDeploymentPostprocessing = 0;
		};
		362C47B928EA922100C85E1E /* Resources */ = {
			isa = PBXResourcesBuildPhase;
			buildActionMask = 2147483647;
			files = (
			);
			runOnlyForDeploymentPostprocessing = 0;
		};
		362C47C328EA922100C85E1E /* Resources */ = {
			isa = PBXResourcesBuildPhase;
			buildActionMask = 2147483647;
			files = (
			);
			runOnlyForDeploymentPostprocessing = 0;
		};
/* End PBXResourcesBuildPhase section */

/* Begin PBXShellScriptBuildPhase section */
		4D029AB47C879CA4A71DAA13 /* [CP] Check Pods Manifest.lock */ = {
			isa = PBXShellScriptBuildPhase;
			buildActionMask = 2147483647;
			files = (
			);
			inputFileListPaths = (
			);
			inputPaths = (
				"${PODS_PODFILE_DIR_PATH}/Podfile.lock",
				"${PODS_ROOT}/Manifest.lock",
			);
			name = "[CP] Check Pods Manifest.lock";
			outputFileListPaths = (
			);
			outputPaths = (
				"$(DERIVED_FILE_DIR)/Pods-sample-sampleUITests-checkManifestLockResult.txt",
			);
			runOnlyForDeploymentPostprocessing = 0;
			shellPath = /bin/sh;
			shellScript = "diff \"${PODS_PODFILE_DIR_PATH}/Podfile.lock\" \"${PODS_ROOT}/Manifest.lock\" > /dev/null\nif [ $? != 0 ] ; then\n    # print error to STDERR\n    echo \"error: The sandbox is not in sync with the Podfile.lock. Run 'pod install' or update your CocoaPods installation.\" >&2\n    exit 1\nfi\n# This output is used by Xcode 'outputs' to avoid re-running this script phase.\necho \"SUCCESS\" > \"${SCRIPT_OUTPUT_FILE_0}\"\n";
			showEnvVarsInLog = 0;
		};
		6609D7213DDF96E9F5D35431 /* [CP] Check Pods Manifest.lock */ = {
			isa = PBXShellScriptBuildPhase;
			buildActionMask = 2147483647;
			files = (
			);
			inputFileListPaths = (
			);
			inputPaths = (
				"${PODS_PODFILE_DIR_PATH}/Podfile.lock",
				"${PODS_ROOT}/Manifest.lock",
			);
			name = "[CP] Check Pods Manifest.lock";
			outputFileListPaths = (
			);
			outputPaths = (
				"$(DERIVED_FILE_DIR)/Pods-sample-checkManifestLockResult.txt",
			);
			runOnlyForDeploymentPostprocessing = 0;
			shellPath = /bin/sh;
			shellScript = "diff \"${PODS_PODFILE_DIR_PATH}/Podfile.lock\" \"${PODS_ROOT}/Manifest.lock\" > /dev/null\nif [ $? != 0 ] ; then\n    # print error to STDERR\n    echo \"error: The sandbox is not in sync with the Podfile.lock. Run 'pod install' or update your CocoaPods installation.\" >&2\n    exit 1\nfi\n# This output is used by Xcode 'outputs' to avoid re-running this script phase.\necho \"SUCCESS\" > \"${SCRIPT_OUTPUT_FILE_0}\"\n";
			showEnvVarsInLog = 0;
		};
		76229579BF28241219B1AE92 /* [CP] Embed Pods Frameworks */ = {
			isa = PBXShellScriptBuildPhase;
			buildActionMask = 2147483647;
			files = (
			);
			inputFileListPaths = (
				"${PODS_ROOT}/Target Support Files/Pods-sample/Pods-sample-frameworks-${CONFIGURATION}-input-files.xcfilelist",
			);
			name = "[CP] Embed Pods Frameworks";
			outputFileListPaths = (
				"${PODS_ROOT}/Target Support Files/Pods-sample/Pods-sample-frameworks-${CONFIGURATION}-output-files.xcfilelist",
			);
			runOnlyForDeploymentPostprocessing = 0;
			shellPath = /bin/sh;
			shellScript = "\"${PODS_ROOT}/Target Support Files/Pods-sample/Pods-sample-frameworks.sh\"\n";
			showEnvVarsInLog = 0;
		};
		9E9DC4C32A9F1E0F0BE0532C /* [CP] Check Pods Manifest.lock */ = {
			isa = PBXShellScriptBuildPhase;
			buildActionMask = 2147483647;
			files = (
			);
			inputFileListPaths = (
			);
			inputPaths = (
				"${PODS_PODFILE_DIR_PATH}/Podfile.lock",
				"${PODS_ROOT}/Manifest.lock",
			);
			name = "[CP] Check Pods Manifest.lock";
			outputFileListPaths = (
			);
			outputPaths = (
				"$(DERIVED_FILE_DIR)/Pods-sampleTests-checkManifestLockResult.txt",
			);
			runOnlyForDeploymentPostprocessing = 0;
			shellPath = /bin/sh;
			shellScript = "diff \"${PODS_PODFILE_DIR_PATH}/Podfile.lock\" \"${PODS_ROOT}/Manifest.lock\" > /dev/null\nif [ $? != 0 ] ; then\n    # print error to STDERR\n    echo \"error: The sandbox is not in sync with the Podfile.lock. Run 'pod install' or update your CocoaPods installation.\" >&2\n    exit 1\nfi\n# This output is used by Xcode 'outputs' to avoid re-running this script phase.\necho \"SUCCESS\" > \"${SCRIPT_OUTPUT_FILE_0}\"\n";
			showEnvVarsInLog = 0;
		};
		C744B9BEF0D8CAEC75446224 /* [CP] Embed Pods Frameworks */ = {
			isa = PBXShellScriptBuildPhase;
			buildActionMask = 2147483647;
			files = (
			);
			inputFileListPaths = (
				"${PODS_ROOT}/Target Support Files/Pods-sample-sampleUITests/Pods-sample-sampleUITests-frameworks-${CONFIGURATION}-input-files.xcfilelist",
			);
			name = "[CP] Embed Pods Frameworks";
			outputFileListPaths = (
				"${PODS_ROOT}/Target Support Files/Pods-sample-sampleUITests/Pods-sample-sampleUITests-frameworks-${CONFIGURATION}-output-files.xcfilelist",
			);
			runOnlyForDeploymentPostprocessing = 0;
			shellPath = /bin/sh;
			shellScript = "\"${PODS_ROOT}/Target Support Files/Pods-sample-sampleUITests/Pods-sample-sampleUITests-frameworks.sh\"\n";
			showEnvVarsInLog = 0;
		};
/* End PBXShellScriptBuildPhase section */

/* Begin PBXSourcesBuildPhase section */
		362C47A128EA922000C85E1E /* Sources */ = {
			isa = PBXSourcesBuildPhase;
			buildActionMask = 2147483647;
			files = (
				362C47AD28EA922000C85E1E /* ViewController.swift in Sources */,
				362C47A928EA922000C85E1E /* AppDelegate.swift in Sources */,
				362C47DE28EAB07100C85E1E /* CustomCell.swift in Sources */,
				3694271028ED0C7400902B2C /* detailViewController.swift in Sources */,
				362C47AB28EA922000C85E1E /* SceneDelegate.swift in Sources */,
			);
			runOnlyForDeploymentPostprocessing = 0;
		};
		362C47B728EA922100C85E1E /* Sources */ = {
			isa = PBXSourcesBuildPhase;
			buildActionMask = 2147483647;
			files = (
				362C47C028EA922100C85E1E /* sampleTests.swift in Sources */,
			);
			runOnlyForDeploymentPostprocessing = 0;
		};
		362C47C128EA922100C85E1E /* Sources */ = {
			isa = PBXSourcesBuildPhase;
			buildActionMask = 2147483647;
			files = (
				362C47CC28EA922100C85E1E /* sampleUITestsLaunchTests.swift in Sources */,
				362C47CA28EA922100C85E1E /* sampleUITests.swift in Sources */,
			);
			runOnlyForDeploymentPostprocessing = 0;
		};
/* End PBXSourcesBuildPhase section */

/* Begin PBXTargetDependency section */
		362C47BD28EA922100C85E1E /* PBXTargetDependency */ = {
			isa = PBXTargetDependency;
			target = 362C47A428EA922000C85E1E /* sample */;
			targetProxy = 362C47BC28EA922100C85E1E /* PBXContainerItemProxy */;
		};
		362C47C728EA922100C85E1E /* PBXTargetDependency */ = {
			isa = PBXTargetDependency;
			target = 362C47A428EA922000C85E1E /* sample */;
			targetProxy = 362C47C628EA922100C85E1E /* PBXContainerItemProxy */;
		};
/* End PBXTargetDependency section */

/* Begin PBXVariantGroup section */
		362C47AE28EA922000C85E1E /* Main.storyboard */ = {
			isa = PBXVariantGroup;
			children = (
				362C47AF28EA922000C85E1E /* Base */,
			);
			name = Main.storyboard;
			sourceTree = "<group>";
		};
		362C47B328EA922100C85E1E /* LaunchScreen.storyboard */ = {
			isa = PBXVariantGroup;
			children = (
				362C47B428EA922100C85E1E /* Base */,
			);
			name = LaunchScreen.storyboard;
			sourceTree = "<group>";
		};
/* End PBXVariantGroup section */

/* Begin XCBuildConfiguration section */
		362C47CD28EA922100C85E1E /* Debug */ = {
			isa = XCBuildConfiguration;
			buildSettings = {
				ALWAYS_SEARCH_USER_PATHS = NO;
				CLANG_ANALYZER_NONNULL = YES;
				CLANG_ANALYZER_NUMBER_OBJECT_CONVERSION = YES_AGGRESSIVE;
				CLANG_CXX_LANGUAGE_STANDARD = "gnu++20";
				CLANG_ENABLE_MODULES = YES;
				CLANG_ENABLE_OBJC_ARC = YES;
				CLANG_ENABLE_OBJC_WEAK = YES;
				CLANG_WARN_BLOCK_CAPTURE_AUTORELEASING = YES;
				CLANG_WARN_BOOL_CONVERSION = YES;
				CLANG_WARN_COMMA = YES;
				CLANG_WARN_CONSTANT_CONVERSION = YES;
				CLANG_WARN_DEPRECATED_OBJC_IMPLEMENTATIONS = YES;
				CLANG_WARN_DIRECT_OBJC_ISA_USAGE = YES_ERROR;
				CLANG_WARN_DOCUMENTATION_COMMENTS = YES;
				CLANG_WARN_EMPTY_BODY = YES;
				CLANG_WARN_ENUM_CONVERSION = YES;
				CLANG_WARN_INFINITE_RECURSION = YES;
				CLANG_WARN_INT_CONVERSION = YES;
				CLANG_WARN_NON_LITERAL_NULL_CONVERSION = YES;
				CLANG_WARN_OBJC_IMPLICIT_RETAIN_SELF = YES;
				CLANG_WARN_OBJC_LITERAL_CONVERSION = YES;
				CLANG_WARN_OBJC_ROOT_CLASS = YES_ERROR;
				CLANG_WARN_QUOTED_INCLUDE_IN_FRAMEWORK_HEADER = YES;
				CLANG_WARN_RANGE_LOOP_ANALYSIS = YES;
				CLANG_WARN_STRICT_PROTOTYPES = YES;
				CLANG_WARN_SUSPICIOUS_MOVE = YES;
				CLANG_WARN_UNGUARDED_AVAILABILITY = YES_AGGRESSIVE;
				CLANG_WARN_UNREACHABLE_CODE = YES;
				CLANG_WARN__DUPLICATE_METHOD_MATCH = YES;
				COPY_PHASE_STRIP = NO;
				DEBUG_INFORMATION_FORMAT = dwarf;
				ENABLE_STRICT_OBJC_MSGSEND = YES;
				ENABLE_TESTABILITY = YES;
				GCC_C_LANGUAGE_STANDARD = gnu11;
				GCC_DYNAMIC_NO_PIC = NO;
				GCC_NO_COMMON_BLOCKS = YES;
				GCC_OPTIMIZATION_LEVEL = 0;
				GCC_PREPROCESSOR_DEFINITIONS = (
					"DEBUG=1",
					"$(inherited)",
				);
				GCC_WARN_64_TO_32_BIT_CONVERSION = YES;
				GCC_WARN_ABOUT_RETURN_TYPE = YES_ERROR;
				GCC_WARN_UNDECLARED_SELECTOR = YES;
				GCC_WARN_UNINITIALIZED_AUTOS = YES_AGGRESSIVE;
				GCC_WARN_UNUSED_FUNCTION = YES;
				GCC_WARN_UNUSED_VARIABLE = YES;
				IPHONEOS_DEPLOYMENT_TARGET = 16.0;
				MTL_ENABLE_DEBUG_INFO = INCLUDE_SOURCE;
				MTL_FAST_MATH = YES;
				ONLY_ACTIVE_ARCH = YES;
				SDKROOT = iphoneos;
				SWIFT_ACTIVE_COMPILATION_CONDITIONS = DEBUG;
				SWIFT_OPTIMIZATION_LEVEL = "-Onone";
			};
			name = Debug;
		};
		362C47CE28EA922100C85E1E /* Release */ = {
			isa = XCBuildConfiguration;
			buildSettings = {
				ALWAYS_SEARCH_USER_PATHS = NO;
				CLANG_ANALYZER_NONNULL = YES;
				CLANG_ANALYZER_NUMBER_OBJECT_CONVERSION = YES_AGGRESSIVE;
				CLANG_CXX_LANGUAGE_STANDARD = "gnu++20";
				CLANG_ENABLE_MODULES = YES;
				CLANG_ENABLE_OBJC_ARC = YES;
				CLANG_ENABLE_OBJC_WEAK = YES;
				CLANG_WARN_BLOCK_CAPTURE_AUTORELEASING = YES;
				CLANG_WARN_BOOL_CONVERSION = YES;
				CLANG_WARN_COMMA = YES;
				CLANG_WARN_CONSTANT_CONVERSION = YES;
				CLANG_WARN_DEPRECATED_OBJC_IMPLEMENTATIONS = YES;
				CLANG_WARN_DIRECT_OBJC_ISA_USAGE = YES_ERROR;
				CLANG_WARN_DOCUMENTATION_COMMENTS = YES;
				CLANG_WARN_EMPTY_BODY = YES;
				CLANG_WARN_ENUM_CONVERSION = YES;
				CLANG_WARN_INFINITE_RECURSION = YES;
				CLANG_WARN_INT_CONVERSION = YES;
				CLANG_WARN_NON_LITERAL_NULL_CONVERSION = YES;
				CLANG_WARN_OBJC_IMPLICIT_RETAIN_SELF = YES;
				CLANG_WARN_OBJC_LITERAL_CONVERSION = YES;
				CLANG_WARN_OBJC_ROOT_CLASS = YES_ERROR;
				CLANG_WARN_QUOTED_INCLUDE_IN_FRAMEWORK_HEADER = YES;
				CLANG_WARN_RANGE_LOOP_ANALYSIS = YES;
				CLANG_WARN_STRICT_PROTOTYPES = YES;
				CLANG_WARN_SUSPICIOUS_MOVE = YES;
				CLANG_WARN_UNGUARDED_AVAILABILITY = YES_AGGRESSIVE;
				CLANG_WARN_UNREACHABLE_CODE = YES;
				CLANG_WARN__DUPLICATE_METHOD_MATCH = YES;
				COPY_PHASE_STRIP = NO;
				DEBUG_INFORMATION_FORMAT = "dwarf-with-dsym";
				ENABLE_NS_ASSERTIONS = NO;
				ENABLE_STRICT_OBJC_MSGSEND = YES;
				GCC_C_LANGUAGE_STANDARD = gnu11;
				GCC_NO_COMMON_BLOCKS = YES;
				GCC_WARN_64_TO_32_BIT_CONVERSION = YES;
				GCC_WARN_ABOUT_RETURN_TYPE = YES_ERROR;
				GCC_WARN_UNDECLARED_SELECTOR = YES;
				GCC_WARN_UNINITIALIZED_AUTOS = YES_AGGRESSIVE;
				GCC_WARN_UNUSED_FUNCTION = YES;
				GCC_WARN_UNUSED_VARIABLE = YES;
				IPHONEOS_DEPLOYMENT_TARGET = 16.0;
				MTL_ENABLE_DEBUG_INFO = NO;
				MTL_FAST_MATH = YES;
				SDKROOT = iphoneos;
				SWIFT_COMPILATION_MODE = wholemodule;
				SWIFT_OPTIMIZATION_LEVEL = "-O";
				VALIDATE_PRODUCT = YES;
			};
			name = Release;
		};
		362C47D028EA922100C85E1E /* Debug */ = {
			isa = XCBuildConfiguration;
			baseConfigurationReference = 50A55E2BC31D5B16CE4D2DA1 /* Pods-sample.debug.xcconfig */;
			buildSettings = {
				ASSETCATALOG_COMPILER_APPICON_NAME = AppIcon;
				ASSETCATALOG_COMPILER_GLOBAL_ACCENT_COLOR_NAME = AccentColor;
				CODE_SIGN_STYLE = Automatic;
				CURRENT_PROJECT_VERSION = 1;
				GENERATE_INFOPLIST_FILE = YES;
				INFOPLIST_FILE = sample/Info.plist;
				INFOPLIST_KEY_UIApplicationSupportsIndirectInputEvents = YES;
				INFOPLIST_KEY_UILaunchStoryboardName = LaunchScreen;
				INFOPLIST_KEY_UIMainStoryboardFile = Main;
				INFOPLIST_KEY_UISupportedInterfaceOrientations_iPad = "UIInterfaceOrientationPortrait UIInterfaceOrientationPortraitUpsideDown UIInterfaceOrientationLandscapeLeft UIInterfaceOrientationLandscapeRight";
				INFOPLIST_KEY_UISupportedInterfaceOrientations_iPhone = "UIInterfaceOrientationPortrait UIInterfaceOrientationLandscapeLeft UIInterfaceOrientationLandscapeRight";
				LD_RUNPATH_SEARCH_PATHS = (
					"$(inherited)",
					"@executable_path/Frameworks",
				);
				MARKETING_VERSION = 1.0;
				PRODUCT_BUNDLE_IDENTIFIER = "com.gmail-tanakay.jambo.sample";
				PRODUCT_NAME = "$(TARGET_NAME)";
				SWIFT_EMIT_LOC_STRINGS = YES;
				SWIFT_VERSION = 5.0;
				TARGETED_DEVICE_FAMILY = "1,2";
			};
			name = Debug;
		};
		362C47D128EA922100C85E1E /* Release */ = {
			isa = XCBuildConfiguration;
			baseConfigurationReference = 1FFBFB977638CAB2EAD27D8F /* Pods-sample.release.xcconfig */;
			buildSettings = {
				ASSETCATALOG_COMPILER_APPICON_NAME = AppIcon;
				ASSETCATALOG_COMPILER_GLOBAL_ACCENT_COLOR_NAME = AccentColor;
				CODE_SIGN_STYLE = Automatic;
				CURRENT_PROJECT_VERSION = 1;
				GENERATE_INFOPLIST_FILE = YES;
				INFOPLIST_FILE = sample/Info.plist;
				INFOPLIST_KEY_UIApplicationSupportsIndirectInputEvents = YES;
				INFOPLIST_KEY_UILaunchStoryboardName = LaunchScreen;
				INFOPLIST_KEY_UIMainStoryboardFile = Main;
				INFOPLIST_KEY_UISupportedInterfaceOrientations_iPad = "UIInterfaceOrientationPortrait UIInterfaceOrientationPortraitUpsideDown UIInterfaceOrientationLandscapeLeft UIInterfaceOrientationLandscapeRight";
				INFOPLIST_KEY_UISupportedInterfaceOrientations_iPhone = "UIInterfaceOrientationPortrait UIInterfaceOrientationLandscapeLeft UIInterfaceOrientationLandscapeRight";
				LD_RUNPATH_SEARCH_PATHS = (
					"$(inherited)",
					"@executable_path/Frameworks",
				);
				MARKETING_VERSION = 1.0;
				PRODUCT_BUNDLE_IDENTIFIER = "com.gmail-tanakay.jambo.sample";
				PRODUCT_NAME = "$(TARGET_NAME)";
				SWIFT_EMIT_LOC_STRINGS = YES;
				SWIFT_VERSION = 5.0;
				TARGETED_DEVICE_FAMILY = "1,2";
			};
			name = Release;
		};
		362C47D328EA922100C85E1E /* Debug */ = {
			isa = XCBuildConfiguration;
			baseConfigurationReference = D15AFAC936D9879D392A19FE /* Pods-sampleTests.debug.xcconfig */;
			buildSettings = {
				ALWAYS_EMBED_SWIFT_STANDARD_LIBRARIES = YES;
				BUNDLE_LOADER = "$(TEST_HOST)";
				CODE_SIGN_STYLE = Automatic;
				CURRENT_PROJECT_VERSION = 1;
				GENERATE_INFOPLIST_FILE = YES;
				IPHONEOS_DEPLOYMENT_TARGET = 16.0;
				MARKETING_VERSION = 1.0;
				PRODUCT_BUNDLE_IDENTIFIER = "com.gmail-tanakay.jambo.sampleTests";
				PRODUCT_NAME = "$(TARGET_NAME)";
				SWIFT_EMIT_LOC_STRINGS = NO;
				SWIFT_VERSION = 5.0;
				TARGETED_DEVICE_FAMILY = "1,2";
				TEST_HOST = "$(BUILT_PRODUCTS_DIR)/sample.app/$(BUNDLE_EXECUTABLE_FOLDER_PATH)/sample";
			};
			name = Debug;
		};
		362C47D428EA922100C85E1E /* Release */ = {
			isa = XCBuildConfiguration;
			baseConfigurationReference = 85E87EDF2CF197D9D606A140 /* Pods-sampleTests.release.xcconfig */;
			buildSettings = {
				ALWAYS_EMBED_SWIFT_STANDARD_LIBRARIES = YES;
				BUNDLE_LOADER = "$(TEST_HOST)";
				CODE_SIGN_STYLE = Automatic;
				CURRENT_PROJECT_VERSION = 1;
				GENERATE_INFOPLIST_FILE = YES;
				IPHONEOS_DEPLOYMENT_TARGET = 16.0;
				MARKETING_VERSION = 1.0;
				PRODUCT_BUNDLE_IDENTIFIER = "com.gmail-tanakay.jambo.sampleTests";
				PRODUCT_NAME = "$(TARGET_NAME)";
				SWIFT_EMIT_LOC_STRINGS = NO;
				SWIFT_VERSION = 5.0;
				TARGETED_DEVICE_FAMILY = "1,2";
				TEST_HOST = "$(BUILT_PRODUCTS_DIR)/sample.app/$(BUNDLE_EXECUTABLE_FOLDER_PATH)/sample";
			};
			name = Release;
		};
		362C47D628EA922100C85E1E /* Debug */ = {
			isa = XCBuildConfiguration;
			baseConfigurationReference = 3632269EB6E846F230B9C6B8 /* Pods-sample-sampleUITests.debug.xcconfig */;
			buildSettings = {
				ALWAYS_EMBED_SWIFT_STANDARD_LIBRARIES = YES;
				CODE_SIGN_STYLE = Automatic;
				CURRENT_PROJECT_VERSION = 1;
				GENERATE_INFOPLIST_FILE = YES;
				MARKETING_VERSION = 1.0;
				PRODUCT_BUNDLE_IDENTIFIER = "com.gmail-tanakay.jambo.sampleUITests";
				PRODUCT_NAME = "$(TARGET_NAME)";
				SWIFT_EMIT_LOC_STRINGS = NO;
				SWIFT_VERSION = 5.0;
				TARGETED_DEVICE_FAMILY = "1,2";
				TEST_TARGET_NAME = sample;
			};
			name = Debug;
		};
		362C47D728EA922100C85E1E /* Release */ = {
			isa = XCBuildConfiguration;
			baseConfigurationReference = CDDF9825B942F76F2DDA3E4F /* Pods-sample-sampleUITests.release.xcconfig */;
			buildSettings = {
				ALWAYS_EMBED_SWIFT_STANDARD_LIBRARIES = YES;
				CODE_SIGN_STYLE = Automatic;
				CURRENT_PROJECT_VERSION = 1;
				GENERATE_INFOPLIST_FILE = YES;
				MARKETING_VERSION = 1.0;
				PRODUCT_BUNDLE_IDENTIFIER = "com.gmail-tanakay.jambo.sampleUITests";
				PRODUCT_NAME = "$(TARGET_NAME)";
				SWIFT_EMIT_LOC_STRINGS = NO;
				SWIFT_VERSION = 5.0;
				TARGETED_DEVICE_FAMILY = "1,2";
				TEST_TARGET_NAME = sample;
			};
			name = Release;
		};
/* End XCBuildConfiguration section */

/* Begin XCConfigurationList section */
		362C47A028EA922000C85E1E /* Build configuration list for PBXProject "sample" */ = {
			isa = XCConfigurationList;
			buildConfigurations = (
				362C47CD28EA922100C85E1E /* Debug */,
				362C47CE28EA922100C85E1E /* Release */,
			);
			defaultConfigurationIsVisible = 0;
			defaultConfigurationName = Release;
		};
		362C47CF28EA922100C85E1E /* Build configuration list for PBXNativeTarget "sample" */ = {
			isa = XCConfigurationList;
			buildConfigurations = (
				362C47D028EA922100C85E1E /* Debug */,
				362C47D128EA922100C85E1E /* Release */,
			);
			defaultConfigurationIsVisible = 0;
			defaultConfigurationName = Release;
		};
		362C47D228EA922100C85E1E /* Build configuration list for PBXNativeTarget "sampleTests" */ = {
			isa = XCConfigurationList;
			buildConfigurations = (
				362C47D328EA922100C85E1E /* Debug */,
				362C47D428EA922100C85E1E /* Release */,
			);
			defaultConfigurationIsVisible = 0;
			defaultConfigurationName = Release;
		};
		362C47D528EA922100C85E1E /* Build configuration list for PBXNativeTarget "sampleUITests" */ = {
			isa = XCConfigurationList;
			buildConfigurations = (
				362C47D628EA922100C85E1E /* Debug */,
				362C47D728EA922100C85E1E /* Release */,
			);
			defaultConfigurationIsVisible = 0;
			defaultConfigurationName = Release;
		};
/* End XCConfigurationList section */
	};
	rootObject = 362C479D28EA922000C85E1E /* Project object */;
}
